// !$*UTF8*$!
{
	archiveVersion = 1;
	classes = {
	};
	objectVersion = 46;
	objects = {
		5AB086A9480BB010FA39EF26 = {
			isa = PBXBuildFile;
			fileRef = BC40FB4DD609F38E0ED500F6;
		};
		187DBDCE6602AA89C7FBFC5A = {
			isa = PBXBuildFile;
			fileRef = E70DEBCCB344793A81AE9AC6;
		};
		57E1D3BC71D230265E3FDEFC = {
			isa = PBXBuildFile;
			fileRef = 475E68ABCEA028A2E9C2B078;
		};
		69A3A10AEDC79577C5825677 = {
			isa = PBXBuildFile;
			fileRef = 0D803B40F69E26AB11987A1A;
		};
		818CEBA287A9C99FE92AB9B3 = {
			isa = PBXBuildFile;
			fileRef = C398E75A5C2ADB20B9EA2933;
		};
		1F39C06289617F7BA7C66A3C = {
			isa = PBXBuildFile;
			fileRef = 29DA61E2642249118F1FB6C3;
		};
		6F0F4D01926714CACEA6CA33 = {
			isa = PBXBuildFile;
			fileRef = 816A6D20F1B15F2600D65E6D;
		};
		2C3375CD6401751165654646 = {
			isa = PBXBuildFile;
			fileRef = C84AE4B7C0ABB236E41991DE;
		};
		345213D2F1A1005F253BE776 = {
			isa = PBXBuildFile;
			fileRef = 5DC197640A5E371EE3894ABC;
		};
		02D71FBBC2ED9CF3BA1F2BF6 = {
			isa = PBXBuildFile;
			fileRef = 9E52B985C6C9D3FC3AB10B8B;
		};
		3291BDB541CFC4D0C197F68B = {
			isa = PBXBuildFile;
			fileRef = 0538B888E21B66ACAE809D3D;
		};
		7127899D2AFFAAAB86BC2FDA = {
			isa = PBXBuildFile;
			fileRef = EF3BF77114D40A578EA5EA59;
		};
		212F3254127B0DE14BE42BC0 = {
			isa = PBXBuildFile;
			fileRef = E7A11E9638C8067E2A29A364;
		};
		BADBE3E28CA3C57CA4E79B7E = {
			isa = PBXBuildFile;
			fileRef = C5D482F2992D440B7829FEBE;
		};
		4A21EC14D420E8F681A26AE9 = {
			isa = PBXBuildFile;
			fileRef = E6B903716458FDEC55D62656;
		};
		83BE9F6EC627098D1453CED8 = {
			isa = PBXBuildFile;
			fileRef = C2DFDD8817C5E224DF08FFC6;
		};
		20CEFE859A4D3D06A3C15037 = {
			isa = PBXBuildFile;
			fileRef = C8EB9DEE4A29E8DCF7497F74;
		};
		47D593412CE2BF5BE15BA0E6 = {
			isa = PBXBuildFile;
			fileRef = 1177F0CCE87F7142DAB74FF3;
		};
		A2AE17FC94B31BA4158B5CD8 = {
			isa = PBXBuildFile;
			fileRef = 21084695C2B3369C99422949;
		};
		F791FC037CF7C3A966A971F8 = {
			isa = PBXBuildFile;
			fileRef = EC6F397BBC3A54349ADC8BBC;
		};
		815182A990FA83E713DE8E6E = {
			isa = PBXBuildFile;
			fileRef = 1554ED47CC994A694B514A8E;
		};
		31226E728A22A4596E972926 = {
			isa = PBXBuildFile;
			fileRef = 12F9BD3FF52B6C603B9CB800;
		};
		A57139DE44292D705C1A91B8 = {
			isa = PBXBuildFile;
			fileRef = 9D3D8CD05987FCC6DC401A6C;
		};
		2CF2EB380B6B024FC9AD7C4C = {
			isa = PBXBuildFile;
			fileRef = 7BCF334311201F22943E7DB8;
		};
		7FFF58E0211B3FFBC5D556CE = {
			isa = PBXBuildFile;
			fileRef = A21B90829DB5A7B323D2F1C9;
		};
		A8BF417163172F037B0FBC42 = {
			isa = PBXBuildFile;
			fileRef = DAAE2F820C0F14BAAF547941;
		};
		EA35FDA8EC6507E61A87AC0C = {
			isa = PBXBuildFile;
			fileRef = FFCEBE08343BC319347336B5;
		};
		355321971A60D8262ABA0C46 = {
			isa = PBXBuildFile;
			fileRef = 727AFD723A3BE7AA769BFA57;
		};
		1059510D477C09A012793BB2 = {
			isa = PBXBuildFile;
			fileRef = 946C86C45CB5BC11599736A7;
		};
		65AD96AA63BF197218948BA2 = {
			isa = PBXBuildFile;
			fileRef = 007FD7D51F57EDBAC48C1009;
		};
		14413C97DDCFD55A1427F29D = {
			isa = PBXBuildFile;
			fileRef = 0F1384BA4C6606DD279A3D1F;
		};
		28376C52DD34816D02ABC7FA = {
			isa = PBXBuildFile;
			fileRef = D8D4566D2DA1960276EFA5CB;
		};
		69089ED75E1621D9065FD5FE = {
			isa = PBXBuildFile;
			fileRef = E76F70BB9E58BF63D5BDE0E3;
		};
		08F954ACF1ADCEC2EFCD256A = {
			isa = PBXBuildFile;
			fileRef = 7C8AF5E4CC9DA2F180E4834A;
		};
		BCE6D359C2A653044FC12D3D = {
			isa = PBXBuildFile;
			fileRef = 4BFCFC42647EC23FED14F3A2;
		};
		4EB08B1AC730680800756765 = {
			isa = PBXBuildFile;
			fileRef = F9086E0C6050628FB47F3806;
		};
		F762CDD6241401A1ACEBCC84 = {
			isa = PBXBuildFile;
			fileRef = AE847940E89C4A364F332148;
		};
		9E530469DC1038FE4E6FBED0 = {
			isa = PBXBuildFile;
			fileRef = 32745140B3D4544163C46221;
		};
		DF8019AC326F9368387E13B6 = {
			isa = PBXBuildFile;
			fileRef = FC84070B0EFB20A7AD6D13BB;
		};
		0F469D013F030C81356D58A0 = {
			isa = PBXBuildFile;
			fileRef = BF21970888B2B41E85503AB4;
		};
		61C2AF1FEEBDABDF5189F9C9 = {
			isa = PBXBuildFile;
			fileRef = F47D0AF3941EB2036A309B92;
		};
		89A86525ED270EF4978F3E8B = {
			isa = PBXBuildFile;
			fileRef = BB7F7E1C3AB6579E7FB7F856;
		};
		FD561DC8EC8FDD170F352367 = {
			isa = PBXBuildFile;
			fileRef = B3B4F2EA56B99C6396AE7246;
		};
		63F9877BB2B7FCE1CF9146E8 = {
			isa = PBXBuildFile;
			fileRef = E1A46842C9DB0498B808775E;
		};
		FAAF6B7AC4EA3C6D25966EEA = {
			isa = PBXBuildFile;
			fileRef = 2639D6FED2AEFFFC300D1475;
		};
		40D06FC7D14DDD8CD7B42105 = {
			isa = PBXBuildFile;
			fileRef = 91915C42A050D078B108FFD4;
		};
		AE7604833CBF4A9057E9A321 = {
			isa = PBXBuildFile;
			fileRef = F9859D7D3A3D9E15AD51708F;
		};
		08F0864B483D909788D5706A = {
			isa = PBXBuildFile;
			fileRef = 035CB771253A2D7693AC1505;
		};
		1289A9A5A83AF0E3C2E7D1C0 = {
			isa = PBXBuildFile;
			fileRef = 3BE0E8925638E97456D7585E;
		};
		2F8C7C28250C26E937A5EEDF = {
			isa = PBXBuildFile;
			fileRef = 18549AC9D1F2DD17126811F1;
		};
		CAB402E75A676248AD9EEA05 = {
			isa = PBXBuildFile;
			fileRef = 917CB34187710A43F9772BB4;
		};
		32DF12E799EBF84466D6FB0A = {
			isa = PBXBuildFile;
			fileRef = CD16B7C8D3E5A8E680379C83;
		};
		A5C1C8FAAB64BD2995308736 = {
			isa = PBXBuildFile;
			fileRef = 626CE410CB53A75E0333A026;
		};
		36252BF7453BE75C75D4B56D = {
			isa = PBXBuildFile;
			fileRef = FF43B4B2010457D83FCD51A4;
		};
		10FA4A35CDA08EE07341BE21 = {
			isa = PBXBuildFile;
			fileRef = 60AF9751B1809ECA8FB0067C;
		};
		992DD69F95E1DE2DE8E88ABA = {
			isa = PBXBuildFile;
			fileRef = 61220083F829F4726A76EA45;
		};
		F574103C97C15238E738A0EA = {
			isa = PBXBuildFile;
			fileRef = E0FE2D94DCE2F01AFCDAC905;
		};
		E47A1C0E277A6BA128611D58 = {
			isa = PBXBuildFile;
			fileRef = 30B16D8A1C6A6EBB2EA3362F;
		};
		8839C0ADE649E12034D14044 = {
			isa = PBXBuildFile;
			fileRef = 50A7C007D12B997BAA1A64F2;
		};
		9DB64420375A28EA249AC8AA = {
			isa = PBXBuildFile;
			fileRef = 4D3D642103C6ED654B46C09D;
		};
		04F598926D9558E386C5E37A = {
			isa = PBXBuildFile;
			fileRef = 71CC4263A70B4ABDAC81CE09;
		};
		AEF784CC43893A150CC1A397 = {
			isa = PBXBuildFile;
			fileRef = D31B6AE8D53CA1924D1F1D84;
		};
		3BC8E0979C04284812B4C823 = {
			isa = PBXBuildFile;
			fileRef = BB971FEA69C4F5C8BCA8AD3C;
		};
		F825ECD681D2EB6B70480C47 = {
			isa = PBXBuildFile;
			fileRef = 8E29B23D5CCFE4E0BE736F77;
		};
		E4DF46EEC7B0D2C3FC40219A = {
			isa = PBXBuildFile;
			fileRef = 0B4E010334D7CBC9FE9411FF;
		};
		19DC21AA024F362D6C00E2A8 = {
			isa = PBXBuildFile;
			fileRef = 0F998876C470327BA9A8D05B;
		};
		B5AD40D4685A3157A290BD89 = {
			isa = PBXBuildFile;
			fileRef = 5A1A4E43E20FE241EF11A0B3;
		};
		DE4D616E84C648E19DBDB266 = {
			isa = PBXBuildFile;
			fileRef = A720AEBB9BFD0348F7201B3D;
		};
		A25BDE9995578EBF3A3184AE = {
			isa = PBXBuildFile;
			fileRef = 7BC4F723C4CA9F482DE14338;
		};
		ECD52D01B6AD2EB5761C915E = {
			isa = PBXBuildFile;
			fileRef = 3242BDC8196F3D61D75D6BA3;
		};
		F8020FE50EC1A1A580B79C2D = {
			isa = PBXBuildFile;
			fileRef = 9459EB9F824B3E4BA2BA4AAC;
		};
		9949B6852202C108121CC2D8 = {
			isa = PBXBuildFile;
			fileRef = B21C7100E3E850FDB710A78C;
		};
		40D70045965EB86472A32230 = {
			isa = PBXBuildFile;
			fileRef = 6D64A19213343E9C82A1E959;
		};
		E367833AEAB278D9F71EFB71 = {
			isa = PBXBuildFile;
			fileRef = EF86D6015E1D360D299F5228;
		};
		EEF6FE43758E2C1C2FC8507C = {
			isa = PBXBuildFile;
			fileRef = 90DB60E16A87EE8CE9A98FCF;
		};
		32C850AB3FFF09628B58F507 = {
			isa = PBXBuildFile;
			fileRef = E648CB90F378355594966B64;
		};
		29D0A368E8FDFD19D63C4ACA = {
			isa = PBXBuildFile;
			fileRef = E1D973EC2BC999FA6CB5E46A;
		};
		D337C31BE177701A0D09E8F5 = {
			isa = PBXBuildFile;
			fileRef = 097209B8B368F5B566A9CA26;
		};
		05924024491893F73666F364 = {
			isa = PBXBuildFile;
			fileRef = E530DB5A7EF170D7AE5E2DB0;
		};
		007FD7D51F57EDBAC48C1009 = {
			isa = PBXFileReference;
			lastKnownFileType = sourcecode.cpp.cpp;
			name = MainHostWindow.cpp;
			path = ../../../src/plugin/MainHostWindow.cpp;
			sourceTree = "SOURCE_ROOT";
		};
		035CB771253A2D7693AC1505 = {
			isa = PBXFileReference;
			lastKnownFileType = sourcecode.cpp.cpp;
			name = ToolbarProgress.cpp;
			path = ../../../src/ToolbarProgress.cpp;
			sourceTree = "SOURCE_ROOT";
		};
		0433CE4CA6FB1D991A5C04DD = {
			isa = PBXFileReference;
			lastKnownFileType = sourcecode.c.h;
			name = XMLSerializable.h;
			path = ../../../src/XMLSerializable.h;
			sourceTree = "SOURCE_ROOT";
		};
		0538B888E21B66ACAE809D3D = {
			isa = PBXFileReference;
			lastKnownFileType = wrapper.framework;
			name = Foundation.framework;
			path = System/Library/Frameworks/Foundation.framework;
			sourceTree = SDKROOT;
		};
		07358606A76BF57746664481 = {
			isa = PBXFileReference;
			lastKnownFileType = sourcecode.c.h;
			name = ISSSource.h;
			path = ../../../src/api/ISSSource.h;
			sourceTree = "SOURCE_ROOT";
		};
		07A5C9BDDAEA4C7F777980F5 = {
			isa = PBXFileReference;
			lastKnownFileType = image.png;
			name = "ISSE-Icon.png";
			path = "../../../src/ISSE-Icon.png";
			sourceTree = "SOURCE_ROOT";
		};
		097209B8B368F5B566A9CA26 = {
			isa = PBXFileReference;
			lastKnownFileType = sourcecode.cpp.objcpp;
			name = "include_juce_gui_basics.mm";
			path = "../../../JuceLibraryCode/include_juce_gui_basics.mm";
			sourceTree = "SOURCE_ROOT";
		};
		0B4E010334D7CBC9FE9411FF = {
			isa = PBXFileReference;
			lastKnownFileType = sourcecode.cpp.cpp;
			name = ToolbarState.cpp;
			path = ../../../src/ToolbarState.cpp;
			sourceTree = "SOURCE_ROOT";
		};
		0D803B40F69E26AB11987A1A = {
			isa = PBXFileReference;
			lastKnownFileType = wrapper.framework;
			name = AVFoundation.framework;
			path = System/Library/Frameworks/AVFoundation.framework;
			sourceTree = SDKROOT;
		};
		0F1384BA4C6606DD279A3D1F = {
			isa = PBXFileReference;
			lastKnownFileType = sourcecode.cpp.cpp;
			name = PluginListWindow.cpp;
			path = ../../../src/plugin/PluginListWindow.cpp;
			sourceTree = "SOURCE_ROOT";
		};
		0F998876C470327BA9A8D05B = {
			isa = PBXFileReference;
			lastKnownFileType = sourcecode.cpp.cpp;
			name = NewProjectMenu.cpp;
			path = ../../../src/NewProjectMenu.cpp;
			sourceTree = "SOURCE_ROOT";
		};
		1177F0CCE87F7142DAB74FF3 = {
			isa = PBXFileReference;
			lastKnownFileType = sourcecode.cpp.cpp;
			name = PluginComponent.cpp;
			path = ../../../src/PluginComponent.cpp;
			sourceTree = "SOURCE_ROOT";
		};
		11CC8632688C9358AB5911A5 = {
			isa = PBXFileReference;
			lastKnownFileType = sourcecode.c.h;
			name = AudioSink.h;
			path = ../../../src/AudioSink.h;
			sourceTree = "SOURCE_ROOT";
		};
		12F9BD3FF52B6C603B9CB800 = {
			isa = PBXFileReference;
			lastKnownFileType = sourcecode.cpp.cpp;
			name = EnergyEnvelope.cpp;
			path = ../../../src/EnergyEnvelope.cpp;
			sourceTree = "SOURCE_ROOT";
		};
		136FBF2646CBD41686D1A7F2 = {
			isa = PBXFileReference;
			lastKnownFileType = sourcecode.c.h;
			name = Cursor.h;
			path = ../../../src/Cursor.h;
			sourceTree = "SOURCE_ROOT";
		};
		1554ED47CC994A694B514A8E = {
			isa = PBXFileReference;
			lastKnownFileType = sourcecode.cpp.cpp;
			name = AudioSource.cpp;
			path = ../../../src/AudioSource.cpp;
			sourceTree = "SOURCE_ROOT";
		};
		18549AC9D1F2DD17126811F1 = {
			isa = PBXFileReference;
			lastKnownFileType = sourcecode.cpp.cpp;
			name = AboutPage.cpp;
			path = ../../../src/AboutPage.cpp;
			sourceTree = "SOURCE_ROOT";
		};
		188C57137B06DAD8956A4732 = {
			isa = PBXFileReference;
			lastKnownFileType = sourcecode.c.h;
			name = DocWindow.h;
			path = ../../../src/DocWindow.h;
			sourceTree = "SOURCE_ROOT";
		};
		19033AD0454044955E3D9413 = {
			isa = PBXFileReference;
			lastKnownFileType = file.icns;
			name = FileIcon.icns;
			path = ../../../src/FileIcon.icns;
			sourceTree = "SOURCE_ROOT";
		};
		1A5637A0512ED425778AD3F5 = {
			isa = PBXFileReference;
			lastKnownFileType = sourcecode.c.h;
			name = ISSLogger.h;
			path = ../../../src/ISSLogger.h;
			sourceTree = "SOURCE_ROOT";
		};
		1F387789E03A5C1AC56AFC93 = {
			isa = PBXFileReference;
			lastKnownFileType = sourcecode.c.h;
			name = JuceHeader.h;
			path = ../../../JuceLibraryCode/JuceHeader.h;
			sourceTree = "SOURCE_ROOT";
		};
		20C3C7CD479ABC466519E30B = {
			isa = PBXFileReference;
			lastKnownFileType = sourcecode.c.h;
			name = ToolbarSlider.h;
			path = ../../../src/ToolbarSlider.h;
			sourceTree = "SOURCE_ROOT";
		};
		21084695C2B3369C99422949 = {
			isa = PBXFileReference;
			lastKnownFileType = sourcecode.cpp.cpp;
			name = AudioFormatReaderLoopSource.cpp;
			path = ../../../src/AudioFormatReaderLoopSource.cpp;
			sourceTree = "SOURCE_ROOT";
		};
		2639D6FED2AEFFFC300D1475 = {
			isa = PBXFileReference;
			lastKnownFileType = sourcecode.cpp.cpp;
			name = Timeline.cpp;
			path = ../../../src/Timeline.cpp;
			sourceTree = "SOURCE_ROOT";
		};
		29C5D5B92DAAFB7D86566BCF = {
			isa = PBXFileReference;
			lastKnownFileType = text.plist.xml;
			name = "Info-App.plist";
			path = "Info-App.plist";
			sourceTree = "SOURCE_ROOT";
		};
		29DA61E2642249118F1FB6C3 = {
			isa = PBXFileReference;
			lastKnownFileType = wrapper.framework;
			name = CoreAudioKit.framework;
			path = System/Library/Frameworks/CoreAudioKit.framework;
			sourceTree = SDKROOT;
		};
		30B16D8A1C6A6EBB2EA3362F = {
			isa = PBXFileReference;
			lastKnownFileType = sourcecode.cpp.cpp;
			name = TimelineView.cpp;
			path = ../../../src/TimelineView.cpp;
			sourceTree = "SOURCE_ROOT";
		};
		30CC8DAFB57AE909AA28EFB8 = {
			isa = PBXFileReference;
			lastKnownFileType = sourcecode.c.h;
			name = PaintBrushImgAction.h;
			path = ../../../src/PaintBrushImgAction.h;
			sourceTree = "SOURCE_ROOT";
		};
		3242BDC8196F3D61D75D6BA3 = {
			isa = PBXFileReference;
			lastKnownFileType = sourcecode.cpp.objcpp;
			name = "include_juce_audio_devices.mm";
			path = "../../../JuceLibraryCode/include_juce_audio_devices.mm";
			sourceTree = "SOURCE_ROOT";
		};
		32745140B3D4544163C46221 = {
			isa = PBXFileReference;
			lastKnownFileType = sourcecode.cpp.cpp;
			name = AddToMaskAction.cpp;
			path = ../../../src/AddToMaskAction.cpp;
			sourceTree = "SOURCE_ROOT";
		};
		33BFDEDB2AA2E0295C9B7641 = {
			isa = PBXFileReference;
			lastKnownFileType = sourcecode.c.h;
			name = ToolbarItemFact.h;
			path = ../../../src/ToolbarItemFact.h;
			sourceTree = "SOURCE_ROOT";
		};
		3BE0E8925638E97456D7585E = {
			isa = PBXFileReference;
			lastKnownFileType = sourcecode.cpp.cpp;
			name = BrushPanel.cpp;
			path = ../../../src/BrushPanel.cpp;
			sourceTree = "SOURCE_ROOT";
		};
		3EFD5F225CBB726C346AFC75 = {
			isa = PBXFileReference;
			lastKnownFileType = sourcecode.c.h;
			name = ColorMap.h;
			path = ../../../src/ColorMap.h;
			sourceTree = "SOURCE_ROOT";
		};
		42C9B7817669248F0D4A9C82 = {
			isa = PBXFileReference;
			lastKnownFileType = sourcecode.c.h;
			name = Layer.h;
			path = ../../../src/Layer.h;
			sourceTree = "SOURCE_ROOT";
		};
		446882015458A6AE328DF26C = {
			isa = PBXFileReference;
			lastKnownFileType = sourcecode.c.h;
			name = ToolbarState.h;
			path = ../../../src/ToolbarState.h;
			sourceTree = "SOURCE_ROOT";
		};
		475E68ABCEA028A2E9C2B078 = {
			isa = PBXFileReference;
			lastKnownFileType = wrapper.framework;
			name = AudioToolbox.framework;
			path = System/Library/Frameworks/AudioToolbox.framework;
			sourceTree = SDKROOT;
		};
		4BFCFC42647EC23FED14F3A2 = {
			isa = PBXFileReference;
			lastKnownFileType = sourcecode.cpp.cpp;
			name = VizRenderThread.cpp;
			path = ../../../src/VizRenderThread.cpp;
			sourceTree = "SOURCE_ROOT";
		};
		4C061E92E1A79C6254E33598 = {
			isa = PBXFileReference;
			lastKnownFileType = sourcecode.c.h;
			name = AudioSource.h;
			path = ../../../src/AudioSource.h;
			sourceTree = "SOURCE_ROOT";
		};
		4D3D642103C6ED654B46C09D = {
			isa = PBXFileReference;
			lastKnownFileType = sourcecode.cpp.cpp;
			name = Track.cpp;
			path = ../../../src/Track.cpp;
			sourceTree = "SOURCE_ROOT";
		};
		4ECBBFCDECA33479D1CE7D8F = {
			isa = PBXFileReference;
			lastKnownFileType = sourcecode.c.h;
			name = AppConfig.h;
			path = ../../../JuceLibraryCode/AppConfig.h;
			sourceTree = "SOURCE_ROOT";
		};
		50A7C007D12B997BAA1A64F2 = {
			isa = PBXFileReference;
			lastKnownFileType = sourcecode.cpp.cpp;
			name = MainContentComp.cpp;
			path = ../../../src/MainContentComp.cpp;
			sourceTree = "SOURCE_ROOT";
		};
		566D92DED8025FF213AE66A5 = {
			isa = PBXFileReference;
			lastKnownFileType = sourcecode.c.h;
			name = JuceHeader.h;
			path = ../../../src/JuceHeader.h;
			sourceTree = "SOURCE_ROOT";
		};
		59786A7607D0ACC1264FEA21 = {
			isa = PBXFileReference;
			lastKnownFileType = sourcecode.c.h;
			name = Window.h;
			path = ../../../src/api/Window.h;
			sourceTree = "SOURCE_ROOT";
		};
		5A1A4E43E20FE241EF11A0B3 = {
			isa = PBXFileReference;
			lastKnownFileType = sourcecode.cpp.cpp;
			name = ISSLogger.cpp;
			path = ../../../src/ISSLogger.cpp;
			sourceTree = "SOURCE_ROOT";
		};
		5C04B2D74F835BDDAD05E973 = {
			isa = PBXFileReference;
			lastKnownFileType = sourcecode.c.h;
			name = AudioFormatReaderLoopSource.h;
			path = ../../../src/AudioFormatReaderLoopSource.h;
			sourceTree = "SOURCE_ROOT";
		};
		5D16F1536F66B9612DDB833B = {
			isa = PBXFileReference;
			lastKnownFileType = sourcecode.c.h;
			name = VizRenderThread.h;
			path = ../../../src/VizRenderThread.h;
			sourceTree = "SOURCE_ROOT";
		};
		5DC197640A5E371EE3894ABC = {
			isa = PBXFileReference;
			lastKnownFileType = wrapper.framework;
			name = CoreMIDI.framework;
			path = System/Library/Frameworks/CoreMIDI.framework;
			sourceTree = SDKROOT;
		};
		60AF9751B1809ECA8FB0067C = {
			isa = PBXFileReference;
			lastKnownFileType = sourcecode.cpp.cpp;
			name = AppCommandIDs.cpp;
			path = ../../../src/AppCommandIDs.cpp;
			sourceTree = "SOURCE_ROOT";
		};
		60DAD1152F849ED26DEA5FC5 = {
			isa = PBXFileReference;
			lastKnownFileType = sourcecode.c.h;
			name = MainHostWindow.h;
			path = ../../../src/plugin/MainHostWindow.h;
			sourceTree = "SOURCE_ROOT";
		};
		61220083F829F4726A76EA45 = {
			isa = PBXFileReference;
			lastKnownFileType = sourcecode.cpp.cpp;
			name = Main.cpp;
			path = ../../../src/Main.cpp;
			sourceTree = "SOURCE_ROOT";
		};
		621796A055E02DB683894FAE = {
			isa = PBXFileReference;
			lastKnownFileType = text.txt;
			name = about.txt;
			path = ../../../src/about.txt;
			sourceTree = "SOURCE_ROOT";
		};
		626CE410CB53A75E0333A026 = {
			isa = PBXFileReference;
			lastKnownFileType = sourcecode.cpp.cpp;
			name = ToolbarItemFact.cpp;
			path = ../../../src/ToolbarItemFact.cpp;
			sourceTree = "SOURCE_ROOT";
		};
		64656F642C18D76B71B4350B = {
			isa = PBXFileReference;
			lastKnownFileType = sourcecode.c.h;
			name = ISSRandom.h;
			path = ../../../src/api/ISSRandom.h;
			sourceTree = "SOURCE_ROOT";
		};
		64CDF8037DD0239163281A49 = {
			isa = PBXFileReference;
			lastKnownFileType = sourcecode.c.h;
			name = BinaryData.h;
			path = ../../../JuceLibraryCode/BinaryData.h;
			sourceTree = "SOURCE_ROOT";
		};
		65CFA424FA126014EE7F3A35 = {
			isa = PBXFileReference;
			lastKnownFileType = sourcecode.c.h;
			name = ImageLayer.h;
			path = ../../../src/ImageLayer.h;
			sourceTree = "SOURCE_ROOT";
		};
		6940C69B20F6B306394FAD83 = {
			isa = PBXFileReference;
			lastKnownFileType = sourcecode.c.h;
			name = ClearImageAction.h;
			path = ../../../src/ClearImageAction.h;
			sourceTree = "SOURCE_ROOT";
		};
		6A170E6239975EBED9DC9B6E = {
			isa = PBXFileReference;
			lastKnownFileType = sourcecode.c.h;
			name = NewProjectMenu.h;
			path = ../../../src/NewProjectMenu.h;
			sourceTree = "SOURCE_ROOT";
		};
		6D64A19213343E9C82A1E959 = {
			isa = PBXFileReference;
			lastKnownFileType = sourcecode.cpp.objcpp;
			name = "include_juce_audio_utils.mm";
			path = "../../../JuceLibraryCode/include_juce_audio_utils.mm";
			sourceTree = "SOURCE_ROOT";
		};
		7089BAAA290FBA5C12F05AC8 = {
			isa = PBXFileReference;
			lastKnownFileType = sourcecode.c.h;
			name = ProgramSettings.h;
			path = ../../../src/ProgramSettings.h;
			sourceTree = "SOURCE_ROOT";
		};
		71CC4263A70B4ABDAC81CE09 = {
			isa = PBXFileReference;
			lastKnownFileType = sourcecode.cpp.cpp;
			name = MultiTrack.cpp;
			path = ../../../src/MultiTrack.cpp;
			sourceTree = "SOURCE_ROOT";
		};
		727AFD723A3BE7AA769BFA57 = {
			isa = PBXFileReference;
			lastKnownFileType = sourcecode.cpp.cpp;
			name = FilterGraph.cpp;
			path = ../../../src/plugin/FilterGraph.cpp;
			sourceTree = "SOURCE_ROOT";
		};
		75945054CFF407C2CFE37353 = {
			isa = PBXFileReference;
			lastKnownFileType = sourcecode.c.h;
			name = MultiPaintView.h;
			path = ../../../src/MultiPaintView.h;
			sourceTree = "SOURCE_ROOT";
		};
		7AFF1A704AE6AA70C3EC269D = {
			isa = PBXFileReference;
			lastKnownFileType = sourcecode.c.h;
			name = AppCommandIDs.h;
			path = ../../../src/AppCommandIDs.h;
			sourceTree = "SOURCE_ROOT";
		};
		7BC4F723C4CA9F482DE14338 = {
			isa = PBXFileReference;
			lastKnownFileType = sourcecode.cpp.objcpp;
			name = "include_juce_audio_basics.mm";
			path = "../../../JuceLibraryCode/include_juce_audio_basics.mm";
			sourceTree = "SOURCE_ROOT";
		};
		7BCF334311201F22943E7DB8 = {
			isa = PBXFileReference;
			lastKnownFileType = sourcecode.cpp.cpp;
			name = ISSFft.cpp;
			path = ../../../src/api/ISSFft.cpp;
			sourceTree = "SOURCE_ROOT";
		};
		7C8AF5E4CC9DA2F180E4834A = {
			isa = PBXFileReference;
			lastKnownFileType = sourcecode.cpp.cpp;
			name = ImageLayer.cpp;
			path = ../../../src/ImageLayer.cpp;
			sourceTree = "SOURCE_ROOT";
		};
		7C8FC19FBBE32BCEE001794B = {
			isa = PBXFileReference;
			lastKnownFileType = sourcecode.c.h;
			name = AboutPage.h;
			path = ../../../src/AboutPage.h;
			sourceTree = "SOURCE_ROOT";
		};
		7F19B71C889D9F88DD8D01A3 = {
			isa = PBXFileReference;
			lastKnownFileType = sourcecode.c.h;
			name = BrushPanel.h;
			path = ../../../src/BrushPanel.h;
			sourceTree = "SOURCE_ROOT";
		};
		816A6D20F1B15F2600D65E6D = {
			isa = PBXFileReference;
			lastKnownFileType = wrapper.framework;
			name = CoreGraphics.framework;
			path = System/Library/Frameworks/CoreGraphics.framework;
			sourceTree = SDKROOT;
		};
		881DC051808FB7CCA675A20E = {
			isa = PBXFileReference;
			lastKnownFileType = sourcecode.c.h;
			name = Track.h;
			path = ../../../src/Track.h;
			sourceTree = "SOURCE_ROOT";
		};
		88F85DE315F5F8342164AE5E = {
			isa = PBXFileReference;
			lastKnownFileType = sourcecode.c.h;
			name = BoxBrushImgAction.h;
			path = ../../../src/BoxBrushImgAction.h;
			sourceTree = "SOURCE_ROOT";
		};
		8E29B23D5CCFE4E0BE736F77 = {
			isa = PBXFileReference;
			lastKnownFileType = sourcecode.cpp.cpp;
			name = ThreadHelpers.cpp;
			path = ../../../src/ThreadHelpers.cpp;
			sourceTree = "SOURCE_ROOT";
		};
		90DB60E16A87EE8CE9A98FCF = {
			isa = PBXFileReference;
			lastKnownFileType = sourcecode.cpp.objcpp;
			name = "include_juce_data_structures.mm";
			path = "../../../JuceLibraryCode/include_juce_data_structures.mm";
			sourceTree = "SOURCE_ROOT";
		};
		90EF9D4CD9E708FF0E947FA4 = {
			isa = PBXFileReference;
			lastKnownFileType = sourcecode.c.h;
			name = SeparationEngine.h;
			path = ../../../src/SeparationEngine.h;
			sourceTree = "SOURCE_ROOT";
		};
		917CB34187710A43F9772BB4 = {
			isa = PBXFileReference;
			lastKnownFileType = sourcecode.cpp.cpp;
			name = ImgBinaryData.cpp;
			path = ../../../src/ImgBinaryData.cpp;
			sourceTree = "SOURCE_ROOT";
		};
		91915C42A050D078B108FFD4 = {
			isa = PBXFileReference;
			lastKnownFileType = sourcecode.cpp.cpp;
			name = TransportComp.cpp;
			path = ../../../src/TransportComp.cpp;
			sourceTree = "SOURCE_ROOT";
		};
		9459EB9F824B3E4BA2BA4AAC = {
			isa = PBXFileReference;
			lastKnownFileType = sourcecode.cpp.objcpp;
			name = "include_juce_audio_formats.mm";
			path = "../../../JuceLibraryCode/include_juce_audio_formats.mm";
			sourceTree = "SOURCE_ROOT";
		};
		946C86C45CB5BC11599736A7 = {
			isa = PBXFileReference;
			lastKnownFileType = sourcecode.cpp.cpp;
			name = GraphEditorPanel.cpp;
			path = ../../../src/plugin/GraphEditorPanel.cpp;
			sourceTree = "SOURCE_ROOT";
		};
		94C4D1F7387E7274389215D9 = {
			isa = PBXFileReference;
			lastKnownFileType = sourcecode.c.h;
			name = TimelineView.h;
			path = ../../../src/TimelineView.h;
			sourceTree = "SOURCE_ROOT";
		};
		9731181DADBB191844C86F19 = {
			isa = PBXFileReference;
			lastKnownFileType = sourcecode.c.h;
			name = ImgBinaryData.h;
			path = ../../../src/ImgBinaryData.h;
			sourceTree = "SOURCE_ROOT";
		};
		976F111C1A4580463B056A0E = {
			isa = PBXFileReference;
			lastKnownFileType = sourcecode.c.h;
			name = ISSStft.h;
			path = ../../../src/api/ISSStft.h;
			sourceTree = "SOURCE_ROOT";
		};
		9D3D8CD05987FCC6DC401A6C = {
			isa = PBXFileReference;
			lastKnownFileType = sourcecode.cpp.cpp;
			name = PluginThread.cpp;
			path = ../../../src/PluginThread.cpp;
			sourceTree = "SOURCE_ROOT";
		};
		9E52B985C6C9D3FC3AB10B8B = {
			isa = PBXFileReference;
			lastKnownFileType = wrapper.framework;
			name = CoreText.framework;
			path = System/Library/Frameworks/CoreText.framework;
			sourceTree = SDKROOT;
		};
		A011FD8B8AF0AECC8323A332 = {
			isa = PBXFileReference;
			lastKnownFileType = sourcecode.c.h;
			name = ISSEngine.h;
			path = ../../../src/api/ISSEngine.h;
			sourceTree = "SOURCE_ROOT";
		};
		A13A4286C07F994529589341 = {
			isa = PBXFileReference;
			lastKnownFileType = sourcecode.c.h;
			name = FilePlayerProcessor.h;
			path = ../../../src/FilePlayerProcessor.h;
			sourceTree = "SOURCE_ROOT";
		};
		A1D501CE204612B43185A172 = {
			isa = PBXFileReference;
			lastKnownFileType = sourcecode.c.h;
			name = GraphEditorPanel.h;
			path = ../../../src/plugin/GraphEditorPanel.h;
			sourceTree = "SOURCE_ROOT";
		};
		A21B90829DB5A7B323D2F1C9 = {
			isa = PBXFileReference;
			lastKnownFileType = sourcecode.cpp.cpp;
			name = ISSStft.cpp;
			path = ../../../src/api/ISSStft.cpp;
			sourceTree = "SOURCE_ROOT";
		};
		A42D244E11EB5DDC7EBB9234 = {
			isa = PBXFileReference;
			lastKnownFileType = sourcecode.c.h;
			name = AddToMaskAction.h;
			path = ../../../src/AddToMaskAction.h;
			sourceTree = "SOURCE_ROOT";
		};
		A720AEBB9BFD0348F7201B3D = {
			isa = PBXFileReference;
			lastKnownFileType = sourcecode.cpp.cpp;
			name = BinaryData.cpp;
			path = ../../../JuceLibraryCode/BinaryData.cpp;
			sourceTree = "SOURCE_ROOT";
		};
		A995694197E320CBB06AA2DB = {
			isa = PBXFileReference;
			lastKnownFileType = sourcecode.c.h;
			name = ClearMaskAction.h;
			path = ../../../src/ClearMaskAction.h;
			sourceTree = "SOURCE_ROOT";
		};
		AC0050F63E84DF2B4AB9F970 = {
			isa = PBXFileReference;
			lastKnownFileType = sourcecode.c.h;
			name = ImgToolbarButton.h;
			path = ../../../src/ImgToolbarButton.h;
			sourceTree = "SOURCE_ROOT";
		};
		ADFCACD26DA326ADE9275248 = {
			isa = PBXFileReference;
			lastKnownFileType = sourcecode.c.h;
			name = PluginListWindow.h;
			path = ../../../src/plugin/PluginListWindow.h;
			sourceTree = "SOURCE_ROOT";
		};
		AE847940E89C4A364F332148 = {
			isa = PBXFileReference;
			lastKnownFileType = sourcecode.cpp.cpp;
			name = TrainingSelectionAction.cpp;
			path = ../../../src/TrainingSelectionAction.cpp;
			sourceTree = "SOURCE_ROOT";
		};
		B00B2C9DD791CC705D639E4F = {
			isa = PBXFileReference;
			lastKnownFileType = file;
			name = COPYING;
			path = ../../../COPYING;
			sourceTree = "SOURCE_ROOT";
		};
		B024B4FE13B715490FFF6A28 = {
			isa = PBXFileReference;
			lastKnownFileType = sourcecode.c.h;
			name = Main.h;
			path = ../../../src/Main.h;
			sourceTree = "SOURCE_ROOT";
		};
		B0E033C0A1B8C6E1C36F8A2A = {
			isa = PBXFileReference;
			lastKnownFileType = sourcecode.c.h;
			name = ToolbarProgress.h;
			path = ../../../src/ToolbarProgress.h;
			sourceTree = "SOURCE_ROOT";
		};
		B21C7100E3E850FDB710A78C = {
			isa = PBXFileReference;
			lastKnownFileType = sourcecode.cpp.objcpp;
			name = "include_juce_audio_processors.mm";
			path = "../../../JuceLibraryCode/include_juce_audio_processors.mm";
			sourceTree = "SOURCE_ROOT";
		};
		B2CC57E7BC354F368EF84F0B = {
			isa = PBXFileReference;
			lastKnownFileType = sourcecode.c.h;
			name = ISSPluginBase.h;
			path = ../../../src/api/ISSPluginBase.h;
			sourceTree = "SOURCE_ROOT";
		};
		B3B4F2EA56B99C6396AE7246 = {
			isa = PBXFileReference;
			lastKnownFileType = sourcecode.cpp.cpp;
			name = ColorMap.cpp;
			path = ../../../src/ColorMap.cpp;
			sourceTree = "SOURCE_ROOT";
		};
		B496BB7FD815951326F1AA88 = {
			isa = PBXFileReference;
			lastKnownFileType = sourcecode.c.h;
			name = ISSMask.h;
			path = ../../../src/api/ISSMask.h;
			sourceTree = "SOURCE_ROOT";
		};
		BB7F7E1C3AB6579E7FB7F856 = {
			isa = PBXFileReference;
			lastKnownFileType = sourcecode.cpp.cpp;
			name = PaintBrushImgAction.cpp;
			path = ../../../src/PaintBrushImgAction.cpp;
			sourceTree = "SOURCE_ROOT";
		};
		BB971FEA69C4F5C8BCA8AD3C = {
			isa = PBXFileReference;
			lastKnownFileType = sourcecode.cpp.cpp;
			name = ProgramSettings.cpp;
			path = ../../../src/ProgramSettings.cpp;
			sourceTree = "SOURCE_ROOT";
		};
		BC40FB4DD609F38E0ED500F6 = {
			isa = PBXFileReference;
			explicitFileType = wrapper.application;
			includeInIndex = 0;
			path = ISSE.app;
			sourceTree = "BUILT_PRODUCTS_DIR";
		};
		BD483EC443B9EC6432F6EBA4 = {
			isa = PBXFileReference;
			lastKnownFileType = sourcecode.c.h;
			name = VirtualUser.h;
			path = ../../../src/VirtualUser.h;
			sourceTree = "SOURCE_ROOT";
		};
		BDA519F3C508112EC010D5A7 = {
			isa = PBXFileReference;
			lastKnownFileType = sourcecode.c.h;
			name = PluginComponent.h;
			path = ../../../src/PluginComponent.h;
			sourceTree = "SOURCE_ROOT";
		};
		BF21970888B2B41E85503AB4 = {
			isa = PBXFileReference;
			lastKnownFileType = sourcecode.cpp.cpp;
			name = BoxBrushImgAction.cpp;
			path = ../../../src/BoxBrushImgAction.cpp;
			sourceTree = "SOURCE_ROOT";
		};
		C078ADCDF2E8C542ADEB1F3E = {
			isa = PBXFileReference;
			lastKnownFileType = sourcecode.c.h;
			name = MainToolbar.h;
			path = ../../../src/MainToolbar.h;
			sourceTree = "SOURCE_ROOT";
		};
		C197F53F336A52CFC18076F6 = {
			isa = PBXFileReference;
			lastKnownFileType = sourcecode.c.h;
			name = MainContentComp.h;
			path = ../../../src/MainContentComp.h;
			sourceTree = "SOURCE_ROOT";
		};
		C2DFDD8817C5E224DF08FFC6 = {
			isa = PBXFileReference;
			lastKnownFileType = sourcecode.cpp.cpp;
			name = SeparationEngine.cpp;
			path = ../../../src/SeparationEngine.cpp;
			sourceTree = "SOURCE_ROOT";
		};
		C398E75A5C2ADB20B9EA2933 = {
			isa = PBXFileReference;
			lastKnownFileType = wrapper.framework;
			name = CoreAudio.framework;
			path = System/Library/Frameworks/CoreAudio.framework;
			sourceTree = SDKROOT;
		};
		C5D482F2992D440B7829FEBE = {
			isa = PBXFileReference;
			lastKnownFileType = wrapper.framework;
			name = UIKit.framework;
			path = System/Library/Frameworks/UIKit.framework;
			sourceTree = SDKROOT;
		};
		C84AE4B7C0ABB236E41991DE = {
			isa = PBXFileReference;
			lastKnownFileType = wrapper.framework;
			name = CoreImage.framework;
			path = System/Library/Frameworks/CoreImage.framework;
			sourceTree = SDKROOT;
		};
		C8EB9DEE4A29E8DCF7497F74 = {
			isa = PBXFileReference;
			lastKnownFileType = sourcecode.cpp.cpp;
			name = ISSEngine.cpp;
			path = ../../../src/api/ISSEngine.cpp;
			sourceTree = "SOURCE_ROOT";
		};
		CD16B7C8D3E5A8E680379C83 = {
			isa = PBXFileReference;
			lastKnownFileType = sourcecode.cpp.cpp;
			name = ImgToolbarButton.cpp;
			path = ../../../src/ImgToolbarButton.cpp;
			sourceTree = "SOURCE_ROOT";
		};
		CE0E355B5959ADE81A84A54C = {
			isa = PBXFileReference;
			lastKnownFileType = sourcecode.c.h;
			name = ISSSink.h;
			path = ../../../src/api/ISSSink.h;
			sourceTree = "SOURCE_ROOT";
		};
		D31B6AE8D53CA1924D1F1D84 = {
			isa = PBXFileReference;
			lastKnownFileType = sourcecode.cpp.cpp;
			name = MultiPaintView.cpp;
			path = ../../../src/MultiPaintView.cpp;
			sourceTree = "SOURCE_ROOT";
		};
		D4073F3987DE0C36F6A68EAA = {
			isa = PBXFileReference;
			lastKnownFileType = sourcecode.c.h;
			name = FilterGraph.h;
			path = ../../../src/plugin/FilterGraph.h;
			sourceTree = "SOURCE_ROOT";
		};
		D43680E62F6F140191CE9790 = {
			isa = PBXFileReference;
			lastKnownFileType = sourcecode.c.h;
			name = ISSDefs.h;
			path = ../../../src/api/ISSDefs.h;
			sourceTree = "SOURCE_ROOT";
		};
		D4FD5537CFCB832D6E3BF990 = {
			isa = PBXFileReference;
			lastKnownFileType = sourcecode.c.h;
			name = MultiTrack.h;
			path = ../../../src/MultiTrack.h;
			sourceTree = "SOURCE_ROOT";
		};
		D8D4566D2DA1960276EFA5CB = {
			isa = PBXFileReference;
			lastKnownFileType = sourcecode.cpp.cpp;
			name = FilePlayerProcessor.cpp;
			path = ../../../src/FilePlayerProcessor.cpp;
			sourceTree = "SOURCE_ROOT";
		};
		DAAE2F820C0F14BAAF547941 = {
			isa = PBXFileReference;
			lastKnownFileType = sourcecode.cpp.cpp;
			name = VirtualTestUser.cpp;
			path = ../../../src/VirtualTestUser.cpp;
			sourceTree = "SOURCE_ROOT";
		};
		DF707DFECF6B536F2FCA2450 = {
			isa = PBXFileReference;
			lastKnownFileType = sourcecode.c.h;
			name = TrainingSelectionAction.h;
			path = ../../../src/TrainingSelectionAction.h;
			sourceTree = "SOURCE_ROOT";
		};
		E0FE2D94DCE2F01AFCDAC905 = {
			isa = PBXFileReference;
			lastKnownFileType = sourcecode.cpp.cpp;
			name = DocWindow.cpp;
			path = ../../../src/DocWindow.cpp;
			sourceTree = "SOURCE_ROOT";
		};
		E1A46842C9DB0498B808775E = {
			isa = PBXFileReference;
			lastKnownFileType = sourcecode.cpp.cpp;
			name = SpectrogramSettings.cpp;
			path = ../../../src/SpectrogramSettings.cpp;
			sourceTree = "SOURCE_ROOT";
		};
		E1D973EC2BC999FA6CB5E46A = {
			isa = PBXFileReference;
			lastKnownFileType = sourcecode.cpp.objcpp;
			name = "include_juce_graphics.mm";
			path = "../../../JuceLibraryCode/include_juce_graphics.mm";
			sourceTree = "SOURCE_ROOT";
		};
		E30EA78E00B6D0128F78359A = {
			isa = PBXFileReference;
			lastKnownFileType = sourcecode.c.h;
			name = ISSFft.h;
			path = ../../../src/api/ISSFft.h;
			sourceTree = "SOURCE_ROOT";
		};
		E422C8CA0B2B8D33A783D351 = {
			isa = PBXFileReference;
			lastKnownFileType = sourcecode.c.h;
			name = PluginThread.h;
			path = ../../../src/PluginThread.h;
			sourceTree = "SOURCE_ROOT";
		};
		E530DB5A7EF170D7AE5E2DB0 = {
			isa = PBXFileReference;
			lastKnownFileType = sourcecode.cpp.objcpp;
			name = "include_juce_gui_extra.mm";
			path = "../../../JuceLibraryCode/include_juce_gui_extra.mm";
			sourceTree = "SOURCE_ROOT";
		};
		E648CB90F378355594966B64 = {
			isa = PBXFileReference;
			lastKnownFileType = sourcecode.cpp.objcpp;
			name = "include_juce_events.mm";
			path = "../../../JuceLibraryCode/include_juce_events.mm";
			sourceTree = "SOURCE_ROOT";
		};
		E6B903716458FDEC55D62656 = {
			isa = PBXFileReference;
			lastKnownFileType = folder.assetcatalog;
			name = Images.xcassets;
			path = ISSE/Images.xcassets;
			sourceTree = "SOURCE_ROOT";
		};
		E6B9EB7946CDCE1EEC79FBA6 = {
			isa = PBXFileReference;
			lastKnownFileType = sourcecode.c.h;
			name = Timeline.h;
			path = ../../../src/Timeline.h;
			sourceTree = "SOURCE_ROOT";
		};
		E70DEBCCB344793A81AE9AC6 = {
			isa = PBXFileReference;
			lastKnownFileType = wrapper.framework;
			name = Accelerate.framework;
			path = System/Library/Frameworks/Accelerate.framework;
			sourceTree = SDKROOT;
		};
		E76F70BB9E58BF63D5BDE0E3 = {
			isa = PBXFileReference;
			lastKnownFileType = sourcecode.cpp.cpp;
			name = Layer.cpp;
			path = ../../../src/Layer.cpp;
			sourceTree = "SOURCE_ROOT";
		};
		E7A11E9638C8067E2A29A364 = {
			isa = PBXFileReference;
			lastKnownFileType = wrapper.framework;
			name = QuartzCore.framework;
			path = System/Library/Frameworks/QuartzCore.framework;
			sourceTree = SDKROOT;
		};
		EB64A47C3998564D4DF7CCF7 = {
			isa = PBXFileReference;
			lastKnownFileType = sourcecode.c.h;
			name = TransportComp.h;
			path = ../../../src/TransportComp.h;
			sourceTree = "SOURCE_ROOT";
		};
		EC6F397BBC3A54349ADC8BBC = {
			isa = PBXFileReference;
			lastKnownFileType = sourcecode.cpp.cpp;
			name = AudioSink.cpp;
			path = ../../../src/AudioSink.cpp;
			sourceTree = "SOURCE_ROOT";
		};
		EF3BF77114D40A578EA5EA59 = {
			isa = PBXFileReference;
			lastKnownFileType = wrapper.framework;
			name = MobileCoreServices.framework;
			path = System/Library/Frameworks/MobileCoreServices.framework;
			sourceTree = SDKROOT;
		};
		EF86D6015E1D360D299F5228 = {
			isa = PBXFileReference;
			lastKnownFileType = sourcecode.cpp.objcpp;
			name = "include_juce_core.mm";
			path = "../../../JuceLibraryCode/include_juce_core.mm";
			sourceTree = "SOURCE_ROOT";
		};
		F08C3A7BC24DAC8E84D9326F = {
			isa = PBXFileReference;
			lastKnownFileType = sourcecode.c.h;
			name = MaskLayer.h;
			path = ../../../src/MaskLayer.h;
			sourceTree = "SOURCE_ROOT";
		};
		F47D0AF3941EB2036A309B92 = {
			isa = PBXFileReference;
			lastKnownFileType = sourcecode.cpp.cpp;
			name = ClearImageAction.cpp;
			path = ../../../src/ClearImageAction.cpp;
			sourceTree = "SOURCE_ROOT";
		};
		F49C4E547F836D26E4B2606A = {
			isa = PBXFileReference;
			lastKnownFileType = sourcecode.c.h;
			name = SpectrogramSettings.h;
			path = ../../../src/SpectrogramSettings.h;
			sourceTree = "SOURCE_ROOT";
		};
		F865C97318F66E9D725C448D = {
			isa = PBXFileReference;
			lastKnownFileType = sourcecode.c.h;
			name = VirtualTestUser.h;
			path = ../../../src/VirtualTestUser.h;
			sourceTree = "SOURCE_ROOT";
		};
		F9086E0C6050628FB47F3806 = {
			isa = PBXFileReference;
			lastKnownFileType = sourcecode.cpp.cpp;
			name = MaskLayer.cpp;
			path = ../../../src/MaskLayer.cpp;
			sourceTree = "SOURCE_ROOT";
		};
		F9859D7D3A3D9E15AD51708F = {
			isa = PBXFileReference;
			lastKnownFileType = sourcecode.cpp.cpp;
			name = MainToolbar.cpp;
			path = ../../../src/MainToolbar.cpp;
			sourceTree = "SOURCE_ROOT";
		};
		F9F85884E6C1C3D9934E82C9 = {
			isa = PBXFileReference;
			lastKnownFileType = sourcecode.c.h;
			name = EnergyEnvelope.h;
			path = ../../../src/EnergyEnvelope.h;
			sourceTree = "SOURCE_ROOT";
		};
		FC84070B0EFB20A7AD6D13BB = {
			isa = PBXFileReference;
			lastKnownFileType = sourcecode.cpp.cpp;
			name = ClearMaskAction.cpp;
			path = ../../../src/ClearMaskAction.cpp;
			sourceTree = "SOURCE_ROOT";
		};
		FF1A54D20038FC14E4342D9B = {
			isa = PBXFileReference;
			lastKnownFileType = sourcecode.c.h;
			name = ThreadHelpers.h;
			path = ../../../src/ThreadHelpers.h;
			sourceTree = "SOURCE_ROOT";
		};
		FF43B4B2010457D83FCD51A4 = {
			isa = PBXFileReference;
			lastKnownFileType = sourcecode.cpp.cpp;
			name = ToolbarSlider.cpp;
			path = ../../../src/ToolbarSlider.cpp;
			sourceTree = "SOURCE_ROOT";
		};
		FFCEBE08343BC319347336B5 = {
			isa = PBXFileReference;
			lastKnownFileType = sourcecode.cpp.cpp;
			name = VirtualUser.cpp;
			path = ../../../src/VirtualUser.cpp;
			sourceTree = "SOURCE_ROOT";
		};
		07341D782B41D4CF1D6C2EAE = {
			isa = PBXGroup;
			children = (
				B2CC57E7BC354F368EF84F0B,
				D43680E62F6F140191CE9790,
				7BCF334311201F22943E7DB8,
				E30EA78E00B6D0128F78359A,
				B496BB7FD815951326F1AA88,
				64656F642C18D76B71B4350B,
				CE0E355B5959ADE81A84A54C,
				07358606A76BF57746664481,
				A21B90829DB5A7B323D2F1C9,
				976F111C1A4580463B056A0E,
				59786A7607D0ACC1264FEA21,
			);
			name = api;
			sourceTree = "<group>";
		};
		DC60333772E7425C8CE01D04 = {
			isa = PBXGroup;
			children = (
				90EF9D4CD9E708FF0E947FA4,
				C2DFDD8817C5E224DF08FFC6,
				C8EB9DEE4A29E8DCF7497F74,
				A011FD8B8AF0AECC8323A332,
				BDA519F3C508112EC010D5A7,
				1177F0CCE87F7142DAB74FF3,
				5C04B2D74F835BDDAD05E973,
				21084695C2B3369C99422949,
				11CC8632688C9358AB5911A5,
				EC6F397BBC3A54349ADC8BBC,
				4C061E92E1A79C6254E33598,
				1554ED47CC994A694B514A8E,
				F9F85884E6C1C3D9934E82C9,
				12F9BD3FF52B6C603B9CB800,
				E422C8CA0B2B8D33A783D351,
				9D3D8CD05987FCC6DC401A6C,
				07341D782B41D4CF1D6C2EAE,
			);
			name = "Separation Core";
			sourceTree = "<group>";
		};
		8AED95F6F526A4437ABEF2AD = {
			isa = PBXGroup;
			children = (
				F865C97318F66E9D725C448D,
				DAAE2F820C0F14BAAF547941,
				BD483EC443B9EC6432F6EBA4,
				FFCEBE08343BC319347336B5,
			);
			name = "Virtual Users";
			sourceTree = "<group>";
		};
		1ED2EC1A87E9648B6B9B248E = {
			isa = PBXGroup;
			children = (
				D4073F3987DE0C36F6A68EAA,
				727AFD723A3BE7AA769BFA57,
				A1D501CE204612B43185A172,
				946C86C45CB5BC11599736A7,
				60DAD1152F849ED26DEA5FC5,
				007FD7D51F57EDBAC48C1009,
				ADFCACD26DA326ADE9275248,
				0F1384BA4C6606DD279A3D1F,
				A13A4286C07F994529589341,
				D8D4566D2DA1960276EFA5CB,
			);
			name = "Plugin Support";
			sourceTree = "<group>";
		};
		D6DAD8D91A2A4993D7CA3585 = {
			isa = PBXGroup;
			children = (
				DF707DFECF6B536F2FCA2450,
				AE847940E89C4A364F332148,
				A42D244E11EB5DDC7EBB9234,
				32745140B3D4544163C46221,
				A995694197E320CBB06AA2DB,
				FC84070B0EFB20A7AD6D13BB,
				88F85DE315F5F8342164AE5E,
				BF21970888B2B41E85503AB4,
				6940C69B20F6B306394FAD83,
				F47D0AF3941EB2036A309B92,
				30CC8DAFB57AE909AA28EFB8,
				BB7F7E1C3AB6579E7FB7F856,
			);
			name = Actions;
			sourceTree = "<group>";
		};
		2318DA3AA0F811B8B3B078AE = {
			isa = PBXGroup;
			children = (
				42C9B7817669248F0D4A9C82,
				E76F70BB9E58BF63D5BDE0E3,
				65CFA424FA126014EE7F3A35,
				7C8AF5E4CC9DA2F180E4834A,
				5D16F1536F66B9612DDB833B,
				4BFCFC42647EC23FED14F3A2,
				F08C3A7BC24DAC8E84D9326F,
				F9086E0C6050628FB47F3806,
				D6DAD8D91A2A4993D7CA3585,
			);
			name = Layer;
			sourceTree = "<group>";
		};
		66EDECD36418BD7B04A4504A = {
			isa = PBXGroup;
			children = (
				3EFD5F225CBB726C346AFC75,
				B3B4F2EA56B99C6396AE7246,
				F49C4E547F836D26E4B2606A,
				E1A46842C9DB0498B808775E,
				E6B9EB7946CDCE1EEC79FBA6,
				2639D6FED2AEFFFC300D1475,
				EB64A47C3998564D4DF7CCF7,
				91915C42A050D078B108FFD4,
				C078ADCDF2E8C542ADEB1F3E,
				F9859D7D3A3D9E15AD51708F,
				B0E033C0A1B8C6E1C36F8A2A,
				035CB771253A2D7693AC1505,
				7F19B71C889D9F88DD8D01A3,
				3BE0E8925638E97456D7585E,
				7C8FC19FBBE32BCEE001794B,
				18549AC9D1F2DD17126811F1,
				136FBF2646CBD41686D1A7F2,
				9731181DADBB191844C86F19,
				917CB34187710A43F9772BB4,
				AC0050F63E84DF2B4AB9F970,
				CD16B7C8D3E5A8E680379C83,
				33BFDEDB2AA2E0295C9B7641,
				626CE410CB53A75E0333A026,
				20C3C7CD479ABC466519E30B,
				FF43B4B2010457D83FCD51A4,
			);
			name = Widgets;
			sourceTree = "<group>";
		};
		F740DAA5E19D8ACD9CC1B638 = {
			isa = PBXGroup;
			children = (
				DC60333772E7425C8CE01D04,
				8AED95F6F526A4437ABEF2AD,
				1ED2EC1A87E9648B6B9B248E,
				2318DA3AA0F811B8B3B078AE,
				66EDECD36418BD7B04A4504A,
				7AFF1A704AE6AA70C3EC269D,
				60AF9751B1809ECA8FB0067C,
				B024B4FE13B715490FFF6A28,
				61220083F829F4726A76EA45,
				188C57137B06DAD8956A4732,
				E0FE2D94DCE2F01AFCDAC905,
				94C4D1F7387E7274389215D9,
				30B16D8A1C6A6EBB2EA3362F,
				566D92DED8025FF213AE66A5,
				C197F53F336A52CFC18076F6,
				50A7C007D12B997BAA1A64F2,
				881DC051808FB7CCA675A20E,
				4D3D642103C6ED654B46C09D,
				D4FD5537CFCB832D6E3BF990,
				71CC4263A70B4ABDAC81CE09,
				75945054CFF407C2CFE37353,
				D31B6AE8D53CA1924D1F1D84,
				7089BAAA290FBA5C12F05AC8,
				BB971FEA69C4F5C8BCA8AD3C,
				FF1A54D20038FC14E4342D9B,
				8E29B23D5CCFE4E0BE736F77,
				446882015458A6AE328DF26C,
				0B4E010334D7CBC9FE9411FF,
				0433CE4CA6FB1D991A5C04DD,
				6A170E6239975EBED9DC9B6E,
				0F998876C470327BA9A8D05B,
				1A5637A0512ED425778AD3F5,
				5A1A4E43E20FE241EF11A0B3,
			);
			name = Source;
			sourceTree = "<group>";
		};
		098EDF2BF721CD17620CCAC4 = {
			isa = PBXGroup;
			children = (
				19033AD0454044955E3D9413,
				07A5C9BDDAEA4C7F777980F5,
				621796A055E02DB683894FAE,
				B00B2C9DD791CC705D639E4F,
			);
			name = Resources;
			sourceTree = "<group>";
		};
		43470091A8E5DF7186BE6446 = {
			isa = PBXGroup;
			children = (
				F740DAA5E19D8ACD9CC1B638,
				098EDF2BF721CD17620CCAC4,
			);
			name = ISSE;
			sourceTree = "<group>";
		};
		33F8CF90A470660630126432 = {
			isa = PBXGroup;
			children = (
				4ECBBFCDECA33479D1CE7D8F,
				A720AEBB9BFD0348F7201B3D,
				64CDF8037DD0239163281A49,
				7BC4F723C4CA9F482DE14338,
				3242BDC8196F3D61D75D6BA3,
				9459EB9F824B3E4BA2BA4AAC,
				B21C7100E3E850FDB710A78C,
				6D64A19213343E9C82A1E959,
				EF86D6015E1D360D299F5228,
				90DB60E16A87EE8CE9A98FCF,
				E648CB90F378355594966B64,
				E1D973EC2BC999FA6CB5E46A,
				097209B8B368F5B566A9CA26,
				E530DB5A7EF170D7AE5E2DB0,
				1F387789E03A5C1AC56AFC93,
			);
			name = "JUCE Library Code";
			sourceTree = "<group>";
		};
		061591291159B9A6F6B82E75 = {
			isa = PBXGroup;
			children = (
				29C5D5B92DAAFB7D86566BCF,
				E6B903716458FDEC55D62656,
			);
			name = Resources;
			sourceTree = "<group>";
		};
		9C405B59260871E9DFCC1AEA = {
			isa = PBXGroup;
			children = (
				E70DEBCCB344793A81AE9AC6,
				475E68ABCEA028A2E9C2B078,
				0D803B40F69E26AB11987A1A,
				C398E75A5C2ADB20B9EA2933,
				29DA61E2642249118F1FB6C3,
				816A6D20F1B15F2600D65E6D,
				C84AE4B7C0ABB236E41991DE,
				5DC197640A5E371EE3894ABC,
				9E52B985C6C9D3FC3AB10B8B,
				0538B888E21B66ACAE809D3D,
				EF3BF77114D40A578EA5EA59,
				E7A11E9638C8067E2A29A364,
				C5D482F2992D440B7829FEBE,
			);
			name = Frameworks;
			sourceTree = "<group>";
		};
		D9BFFED4AA70B9173B4C152F = {
			isa = PBXGroup;
			children = (
				BC40FB4DD609F38E0ED500F6,
			);
			name = Products;
			sourceTree = "<group>";
		};
		FC67FE38A5922CAD1295964B = {
			isa = PBXGroup;
			children = (
				43470091A8E5DF7186BE6446,
				33F8CF90A470660630126432,
				061591291159B9A6F6B82E75,
				9C405B59260871E9DFCC1AEA,
				D9BFFED4AA70B9173B4C152F,
			);
			name = Source;
			sourceTree = "<group>";
		};
		05CCA6A6EB4C2570066C8248 = {
			isa = XCBuildConfiguration;
			buildSettings = {
				ASSETCATALOG_COMPILER_APPICON_NAME = AppIcon;
				ASSETCATALOG_COMPILER_LAUNCHIMAGE_NAME = LaunchImage;
				CLANG_CXX_LANGUAGE_STANDARD = "c++11";
				CLANG_CXX_LIBRARY = "libc++";
				CLANG_LINK_OBJC_RUNTIME = NO;
				COMBINE_HIDPI_IMAGES = YES;
				CONFIGURATION_BUILD_DIR = "$(PROJECT_DIR)/build/$(CONFIGURATION)";
				COPY_PHASE_STRIP = NO;
				GCC_DYNAMIC_NO_PIC = NO;
				GCC_OPTIMIZATION_LEVEL = 0;
				GCC_PREPROCESSOR_DEFINITIONS = (
					"_DEBUG=1",
					"DEBUG=1",
					"JUCE_PLUGINHOST_AU",
					"__SEPARATION_FLOAT_PRECISION__",
					"__IOS_CORE__",
					"__KISS_FFT__",
					"JUCER_XCODE_IPHONE_EAF4A5EF=1",
					"JUCE_APP_VERSION=0.2.0",
					"JUCE_APP_VERSION_HEX=0x200",
					"JucePlugin_Build_VST=0",
					"JucePlugin_Build_VST3=0",
					"JucePlugin_Build_AU=0",
					"JucePlugin_Build_AUv3=0",
					"JucePlugin_Build_RTAS=0",
					"JucePlugin_Build_AAX=0",
					"JucePlugin_Build_Standalone=0",
					"JucePlugin_Build_Unity=0",
				);
				GCC_VERSION = com.apple.compilers.llvm.clang.1_0;
				HEADER_SEARCH_PATHS = (
					"../../../JuceLibraryCode",
					"../../../sdks/juce/modules",
					"$(inherited)",
				);
				INFOPLIST_FILE = Info-App.plist;
				INFOPLIST_PREPROCESS = NO;
				INSTALL_PATH = "$(HOME)/Applications";
				OTHER_CPLUSPLUSFLAGS = "-fopenmp -I../../../SDKs/eigen/";
				OTHER_LDFLAGS = "-lpthread -headerpad_max_install_names /usr/local/lib/libfftw3f.a";
				PRODUCT_BUNDLE_IDENTIFIER = edu.stanford.ccrma;
				PRODUCT_NAME = "ISSE";
				USE_HEADERMAP = NO;
			};
			name = Debug;
		};
		EDCDEC26CC4C6B1C581480B4 = {
			isa = XCBuildConfiguration;
			buildSettings = {
				ASSETCATALOG_COMPILER_APPICON_NAME = AppIcon;
				ASSETCATALOG_COMPILER_LAUNCHIMAGE_NAME = LaunchImage;
				CLANG_CXX_LANGUAGE_STANDARD = "c++11";
				CLANG_CXX_LIBRARY = "libc++";
				CLANG_LINK_OBJC_RUNTIME = NO;
				COMBINE_HIDPI_IMAGES = YES;
				CONFIGURATION_BUILD_DIR = "$(PROJECT_DIR)/build/$(CONFIGURATION)";
				DEAD_CODE_STRIPPING = YES;
				GCC_GENERATE_DEBUGGING_SYMBOLS = NO;
				GCC_OPTIMIZATION_LEVEL = 3;
				GCC_PREPROCESSOR_DEFINITIONS = (
					"_NDEBUG=1",
					"NDEBUG=1",
					"JUCE_PLUGINHOST_AU",
					"__SEPARATION_FLOAT_PRECISION__",
					"__IOS_CORE__",
					"__KISS_FFT__",
					"JUCER_XCODE_IPHONE_EAF4A5EF=1",
					"JUCE_APP_VERSION=0.2.0",
					"JUCE_APP_VERSION_HEX=0x200",
					"JucePlugin_Build_VST=0",
					"JucePlugin_Build_VST3=0",
					"JucePlugin_Build_AU=0",
					"JucePlugin_Build_AUv3=0",
					"JucePlugin_Build_RTAS=0",
					"JucePlugin_Build_AAX=0",
					"JucePlugin_Build_Standalone=0",
					"JucePlugin_Build_Unity=0",
				);
				GCC_SYMBOLS_PRIVATE_EXTERN = YES;
				GCC_VERSION = com.apple.compilers.llvm.clang.1_0;
				HEADER_SEARCH_PATHS = (
					"../../../JuceLibraryCode",
					"../../../sdks/juce/modules",
					"$(inherited)",
				);
				INFOPLIST_FILE = Info-App.plist;
				INFOPLIST_PREPROCESS = NO;
				INSTALL_PATH = "$(HOME)/Applications";
				LLVM_LTO = YES;
				OTHER_CPLUSPLUSFLAGS = "-fopenmp -I../../../SDKs/eigen/";
				OTHER_LDFLAGS = "-lpthread -headerpad_max_install_names /usr/local/lib/libfftw3f.a";
				PRODUCT_BUNDLE_IDENTIFIER = edu.stanford.ccrma;
				PRODUCT_NAME = "ISSE";
				USE_HEADERMAP = NO;
			};
			name = Release;
		};
		8D115A32AFF222ECDF60AF17 = {
			isa = XCBuildConfiguration;
			buildSettings = {
				"CODE_SIGN_IDENTITY[sdk=iphoneos*]" = "iPhone Developer";
				ALWAYS_SEARCH_USER_PATHS = NO;
				CLANG_ENABLE_OBJC_WEAK = YES;
				CLANG_WARN_BLOCK_CAPTURE_AUTORELEASING = YES;
				CLANG_WARN_BOOL_CONVERSION = YES;
				CLANG_WARN_COMMA = YES;
				CLANG_WARN_CONSTANT_CONVERSION = YES;
				CLANG_WARN_DEPRECATED_OBJC_IMPLEMENTATIONS = YES;
				CLANG_WARN_EMPTY_BODY = YES;
				CLANG_WARN_ENUM_CONVERSION = YES;
				CLANG_WARN_INFINITE_RECURSION = YES;
				CLANG_WARN_INT_CONVERSION = YES;
				CLANG_WARN_NON_LITERAL_NULL_CONVERSION = YES;
				CLANG_WARN_OBJC_IMPLICIT_RETAIN_SELF = YES;
				CLANG_WARN_OBJC_LITERAL_CONVERSION = YES;
				CLANG_WARN_RANGE_LOOP_ANALYSIS = YES;
				CLANG_WARN_STRICT_PROTOTYPES = YES;
				CLANG_WARN_SUSPICIOUS_MOVE = YES;
				CLANG_WARN_UNREACHABLE_CODE = YES;
				CLANG_WARN__DUPLICATE_METHOD_MATCH = YES;
				DEBUG_INFORMATION_FORMAT = "dwarf";
				ENABLE_STRICT_OBJC_MSGSEND = YES;
				ENABLE_TESTABILITY = YES;
				GCC_C_LANGUAGE_STANDARD = c11;
				GCC_INLINES_ARE_PRIVATE_EXTERN = YES;
				GCC_MODEL_TUNING = G5;
				GCC_NO_COMMON_BLOCKS = YES;
				GCC_WARN_64_TO_32_BIT_CONVERSION = YES;
				GCC_WARN_ABOUT_RETURN_TYPE = YES;
				GCC_WARN_CHECK_SWITCH_STATEMENTS = YES;
				GCC_WARN_MISSING_PARENTHESES = YES;
				GCC_WARN_NON_VIRTUAL_DESTRUCTOR = YES;
				GCC_WARN_TYPECHECK_CALLS_TO_PRINTF = YES;
				GCC_WARN_UNDECLARED_SELECTOR = YES;
				GCC_WARN_UNINITIALIZED_AUTOS = YES;
				GCC_WARN_UNUSED_FUNCTION = YES;
				GCC_WARN_UNUSED_VARIABLE = YES;
				IPHONEOS_DEPLOYMENT_TARGET = 9.3;
				ONLY_ACTIVE_ARCH = YES;
				PRODUCT_NAME = "ISSE";
				SDKROOT = iphoneos;
				TARGETED_DEVICE_FAMILY = "1,2";
				WARNING_CFLAGS = -Wreorder;
				ZERO_LINK = NO;
			};
			name = Debug;
		};
		C6AE3D63EB36AEE80C4EBA91 = {
			isa = XCBuildConfiguration;
			buildSettings = {
				"CODE_SIGN_IDENTITY[sdk=iphoneos*]" = "iPhone Developer";
				ALWAYS_SEARCH_USER_PATHS = NO;
				CLANG_ENABLE_OBJC_WEAK = YES;
				CLANG_WARN_BLOCK_CAPTURE_AUTORELEASING = YES;
				CLANG_WARN_BOOL_CONVERSION = YES;
				CLANG_WARN_COMMA = YES;
				CLANG_WARN_CONSTANT_CONVERSION = YES;
				CLANG_WARN_DEPRECATED_OBJC_IMPLEMENTATIONS = YES;
				CLANG_WARN_EMPTY_BODY = YES;
				CLANG_WARN_ENUM_CONVERSION = YES;
				CLANG_WARN_INFINITE_RECURSION = YES;
				CLANG_WARN_INT_CONVERSION = YES;
				CLANG_WARN_NON_LITERAL_NULL_CONVERSION = YES;
				CLANG_WARN_OBJC_IMPLICIT_RETAIN_SELF = YES;
				CLANG_WARN_OBJC_LITERAL_CONVERSION = YES;
				CLANG_WARN_RANGE_LOOP_ANALYSIS = YES;
				CLANG_WARN_STRICT_PROTOTYPES = YES;
				CLANG_WARN_SUSPICIOUS_MOVE = YES;
				CLANG_WARN_UNREACHABLE_CODE = YES;
				CLANG_WARN__DUPLICATE_METHOD_MATCH = YES;
				DEBUG_INFORMATION_FORMAT = "dwarf";
				ENABLE_STRICT_OBJC_MSGSEND = YES;
				GCC_C_LANGUAGE_STANDARD = c11;
				GCC_INLINES_ARE_PRIVATE_EXTERN = YES;
				GCC_MODEL_TUNING = G5;
				GCC_NO_COMMON_BLOCKS = YES;
				GCC_WARN_64_TO_32_BIT_CONVERSION = YES;
				GCC_WARN_ABOUT_RETURN_TYPE = YES;
				GCC_WARN_CHECK_SWITCH_STATEMENTS = YES;
				GCC_WARN_MISSING_PARENTHESES = YES;
				GCC_WARN_NON_VIRTUAL_DESTRUCTOR = YES;
				GCC_WARN_TYPECHECK_CALLS_TO_PRINTF = YES;
				GCC_WARN_UNDECLARED_SELECTOR = YES;
				GCC_WARN_UNINITIALIZED_AUTOS = YES;
				GCC_WARN_UNUSED_FUNCTION = YES;
				GCC_WARN_UNUSED_VARIABLE = YES;
				IPHONEOS_DEPLOYMENT_TARGET = 9.3;
				PRODUCT_NAME = "ISSE";
				SDKROOT = iphoneos;
				TARGETED_DEVICE_FAMILY = "1,2";
				WARNING_CFLAGS = -Wreorder;
				ZERO_LINK = NO;
			};
			name = Release;
		};
		3569C139540183D210CC2859 = {
			isa = PBXTargetDependency;
			target = E1C2186D11490DAC9BFE4D2C;
		};
		851C1893F5CC2A3774548258 = {
			isa = XCConfigurationList;
			buildConfigurations = (
				8D115A32AFF222ECDF60AF17,
				C6AE3D63EB36AEE80C4EBA91,
			);
			defaultConfigurationIsVisible = 0;
			defaultConfigurationName = Debug;
		};
		02153B92D099F72A6B93A0E6 = {
			isa = XCConfigurationList;
			buildConfigurations = (
				05CCA6A6EB4C2570066C8248,
				EDCDEC26CC4C6B1C581480B4,
			);
			defaultConfigurationIsVisible = 0;
			defaultConfigurationName = Debug;
		};
		E3D62E34EDF4F12430E6DB5E = {
			isa = PBXResourcesBuildPhase;
			buildActionMask = 2147483647;
			files = (
				4A21EC14D420E8F681A26AE9,
			);
			runOnlyForDeploymentPostprocessing = 0;
		};
		51187EE63F0AE2B8DFA65D9D = {
			isa = PBXSourcesBuildPhase;
			buildActionMask = 2147483647;
			files = (
				83BE9F6EC627098D1453CED8,
				20CEFE859A4D3D06A3C15037,
				47D593412CE2BF5BE15BA0E6,
				A2AE17FC94B31BA4158B5CD8,
				F791FC037CF7C3A966A971F8,
				815182A990FA83E713DE8E6E,
				31226E728A22A4596E972926,
				A57139DE44292D705C1A91B8,
				2CF2EB380B6B024FC9AD7C4C,
				7FFF58E0211B3FFBC5D556CE,
				A8BF417163172F037B0FBC42,
				EA35FDA8EC6507E61A87AC0C,
				355321971A60D8262ABA0C46,
				1059510D477C09A012793BB2,
				65AD96AA63BF197218948BA2,
				14413C97DDCFD55A1427F29D,
				28376C52DD34816D02ABC7FA,
				69089ED75E1621D9065FD5FE,
				08F954ACF1ADCEC2EFCD256A,
				BCE6D359C2A653044FC12D3D,
				4EB08B1AC730680800756765,
				F762CDD6241401A1ACEBCC84,
				9E530469DC1038FE4E6FBED0,
				DF8019AC326F9368387E13B6,
				0F469D013F030C81356D58A0,
				61C2AF1FEEBDABDF5189F9C9,
				89A86525ED270EF4978F3E8B,
				FD561DC8EC8FDD170F352367,
				63F9877BB2B7FCE1CF9146E8,
				FAAF6B7AC4EA3C6D25966EEA,
				40D06FC7D14DDD8CD7B42105,
				AE7604833CBF4A9057E9A321,
				08F0864B483D909788D5706A,
				1289A9A5A83AF0E3C2E7D1C0,
				2F8C7C28250C26E937A5EEDF,
				CAB402E75A676248AD9EEA05,
				32DF12E799EBF84466D6FB0A,
				A5C1C8FAAB64BD2995308736,
				36252BF7453BE75C75D4B56D,
				10FA4A35CDA08EE07341BE21,
				992DD69F95E1DE2DE8E88ABA,
				F574103C97C15238E738A0EA,
				E47A1C0E277A6BA128611D58,
				8839C0ADE649E12034D14044,
				9DB64420375A28EA249AC8AA,
				04F598926D9558E386C5E37A,
				AEF784CC43893A150CC1A397,
				3BC8E0979C04284812B4C823,
				F825ECD681D2EB6B70480C47,
				E4DF46EEC7B0D2C3FC40219A,
				19DC21AA024F362D6C00E2A8,
				B5AD40D4685A3157A290BD89,
				DE4D616E84C648E19DBDB266,
				A25BDE9995578EBF3A3184AE,
				ECD52D01B6AD2EB5761C915E,
				F8020FE50EC1A1A580B79C2D,
				9949B6852202C108121CC2D8,
				40D70045965EB86472A32230,
				E367833AEAB278D9F71EFB71,
				EEF6FE43758E2C1C2FC8507C,
				32C850AB3FFF09628B58F507,
				29D0A368E8FDFD19D63C4ACA,
				D337C31BE177701A0D09E8F5,
				05924024491893F73666F364,
			);
			runOnlyForDeploymentPostprocessing = 0;
		};
		881B98AAA2A6B22AA95600DC = {
			isa = PBXFrameworksBuildPhase;
			buildActionMask = 2147483647;
			files = (
				187DBDCE6602AA89C7FBFC5A,
				57E1D3BC71D230265E3FDEFC,
				69A3A10AEDC79577C5825677,
				818CEBA287A9C99FE92AB9B3,
				1F39C06289617F7BA7C66A3C,
				6F0F4D01926714CACEA6CA33,
				2C3375CD6401751165654646,
				345213D2F1A1005F253BE776,
				02D71FBBC2ED9CF3BA1F2BF6,
				3291BDB541CFC4D0C197F68B,
				7127899D2AFFAAAB86BC2FDA,
				212F3254127B0DE14BE42BC0,
				BADBE3E28CA3C57CA4E79B7E,
			);
			runOnlyForDeploymentPostprocessing = 0;
		};
		E1C2186D11490DAC9BFE4D2C = {
			isa = PBXNativeTarget;
			buildConfigurationList = 02153B92D099F72A6B93A0E6;
			buildPhases = (
				E3D62E34EDF4F12430E6DB5E,
				51187EE63F0AE2B8DFA65D9D,
				881B98AAA2A6B22AA95600DC,
			);
			buildRules = ( );
			dependencies = ( );
			name = "ISSE - App";
			productName = ISSE;
			productReference = BC40FB4DD609F38E0ED500F6;
			productType = "com.apple.product-type.application";
		};
		39F15AEE99C4405B8C24FC4A = {
			isa = PBXProject;
			buildConfigurationList = 851C1893F5CC2A3774548258;
			attributes = { LastUpgradeCheck = 0930; ORGANIZATIONNAME = ""; TargetAttributes = { E1C2186D11490DAC9BFE4D2C = { SystemCapabilities = {com.apple.ApplicationGroups.iOS = { enabled = 0; }; com.apple.InAppPurchase = { enabled = 0; }; com.apple.InterAppAudio = { enabled = 0; }; com.apple.Push = { enabled = 0; }; com.apple.Sandbox = { enabled = 0; }; }; }; }; };
			compatibilityVersion = "Xcode 3.2";
			hasScannedForEncodings = 0;
			mainGroup = FC67FE38A5922CAD1295964B;
			projectDirPath = "";
			projectRoot = "";
			targets = (E1C2186D11490DAC9BFE4D2C);
		};
	};
	rootObject = 39F15AEE99C4405B8C24FC4A;
}
